
Microsoft Visual Studio Solution File, Format Version 12.00
# Visual Studio Version 16
VisualStudioVersion = 16.0.31702.278
MinimumVisualStudioVersion = 10.0.40219.1
Project("{F184B08F-C81C-45F6-A57F-5ABD9991F28F}") = "practica6", "practica6\practica6.vbproj", "{861CA0F7-23C1-411F-BC34-C79F96EDE0A2}"
EndProject
Global
	GlobalSection(SolutionConfigurationPlatforms) = preSolution
		Debug|Any CPU = Debug|Any CPU
		Release|Any CPU = Release|Any CPU
	EndGlobalSection
	GlobalSection(ProjectConfigurationPlatforms) = postSolution
		{861CA0F7-23C1-411F-BC34-C79F96EDE0A2}.Debug|Any CPU.ActiveCfg = Debug|Any CPU
		{861CA0F7-23C1-411F-BC34-C79F96EDE0A2}.Debug|Any CPU.Build.0 = Debug|Any CPU
		{861CA0F7-23C1-411F-BC34-C79F96EDE0A2}.Release|Any CPU.ActiveCfg = Release|Any CPU
		{861CA0F7-23C1-411F-BC34-C79F96EDE0A2}.Release|Any CPU.Build.0 = Release|Any CPU
	EndGlobalSection
	GlobalSection(SolutionProperties) = preSolution
		HideSolutionNode = FALSE
	EndGlobalSection
	GlobalSection(ExtensibilityGlobals) = postSolution
		SolutionGuid = {7C8BA4AB-184F-45E3-B8A0-F107D59A9B25}
	EndGlobalSection
EndGlobal
