
Microsoft Visual Studio Solution File, Format Version 12.00
# Visual Studio Version 16
VisualStudioVersion = 16.0.31702.278
MinimumVisualStudioVersion = 10.0.40219.1
Project("{F184B08F-C81C-45F6-A57F-5ABD9991F28F}") = "Portapapeles", "Portapapeles\Portapapeles.vbproj", "{A9D369E1-E96E-4778-AB8D-7E307495EE2C}"
EndProject
Global
	GlobalSection(SolutionConfigurationPlatforms) = preSolution
		Debug|Any CPU = Debug|Any CPU
		Release|Any CPU = Release|Any CPU
	EndGlobalSection
	GlobalSection(ProjectConfigurationPlatforms) = postSolution
		{A9D369E1-E96E-4778-AB8D-7E307495EE2C}.Debug|Any CPU.ActiveCfg = Debug|Any CPU
		{A9D369E1-E96E-4778-AB8D-7E307495EE2C}.Debug|Any CPU.Build.0 = Debug|Any CPU
		{A9D369E1-E96E-4778-AB8D-7E307495EE2C}.Release|Any CPU.ActiveCfg = Release|Any CPU
		{A9D369E1-E96E-4778-AB8D-7E307495EE2C}.Release|Any CPU.Build.0 = Release|Any CPU
	EndGlobalSection
	GlobalSection(SolutionProperties) = preSolution
		HideSolutionNode = FALSE
	EndGlobalSection
	GlobalSection(ExtensibilityGlobals) = postSolution
		SolutionGuid = {8A711651-1FFC-40AE-93D1-0585F5B378E3}
	EndGlobalSection
EndGlobal
