
Microsoft Visual Studio Solution File, Format Version 12.00
# Visual Studio Version 16
VisualStudioVersion = 16.0.31702.278
MinimumVisualStudioVersion = 10.0.40219.1
Project("{F184B08F-C81C-45F6-A57F-5ABD9991F28F}") = "DialogosModales", "DialogosModales\DialogosModales.vbproj", "{B1E5117E-682C-4FF7-8C2E-C829353B0D25}"
EndProject
Global
	GlobalSection(SolutionConfigurationPlatforms) = preSolution
		Debug|Any CPU = Debug|Any CPU
		Release|Any CPU = Release|Any CPU
	EndGlobalSection
	GlobalSection(ProjectConfigurationPlatforms) = postSolution
		{B1E5117E-682C-4FF7-8C2E-C829353B0D25}.Debug|Any CPU.ActiveCfg = Debug|Any CPU
		{B1E5117E-682C-4FF7-8C2E-C829353B0D25}.Debug|Any CPU.Build.0 = Debug|Any CPU
		{B1E5117E-682C-4FF7-8C2E-C829353B0D25}.Release|Any CPU.ActiveCfg = Release|Any CPU
		{B1E5117E-682C-4FF7-8C2E-C829353B0D25}.Release|Any CPU.Build.0 = Release|Any CPU
	EndGlobalSection
	GlobalSection(SolutionProperties) = preSolution
		HideSolutionNode = FALSE
	EndGlobalSection
	GlobalSection(ExtensibilityGlobals) = postSolution
		SolutionGuid = {3970A92A-B77C-4F3C-8A89-B9C190CBB052}
	EndGlobalSection
EndGlobal
